// !$*UTF8*$!
{
	archiveVersion = 1;
	classes = {
	};
	objectVersion = 56;
	objects = {

/* Begin PBXBuildFile section */
		8109FAF62BE0B80900F342A6 /* README.md in Resources */ = {isa = PBXBuildFile; fileRef = 8109FAF52BE0B80900F342A6 /* README.md */; };
		8109FB062BE0CA3800F342A6 /* logo_light.png in Resources */ = {isa = PBXBuildFile; fileRef = 8109FB052BE0CA3800F342A6 /* logo_light.png */; };
		8109FB082BE0CA3F00F342A6 /* logo_dark.png in Resources */ = {isa = PBXBuildFile; fileRef = 8109FB072BE0CA3F00F342A6 /* logo_dark.png */; };
		CE7C64C52BD635FC0066ACCC /* FavoritsView.swift in Sources */ = {isa = PBXBuildFile; fileRef = CE7C64C12BD635FB0066ACCC /* FavoritsView.swift */; };
		CE7C64C62BD635FC0066ACCC /* NewsListView.swift in Sources */ = {isa = PBXBuildFile; fileRef = CE7C64C22BD635FC0066ACCC /* NewsListView.swift */; };
		CE7C64C72BD635FC0066ACCC /* SettingsView.swift in Sources */ = {isa = PBXBuildFile; fileRef = CE7C64C32BD635FC0066ACCC /* SettingsView.swift */; };
		CE7C64CD2BD636940066ACCC /* RSSParser.swift in Sources */ = {isa = PBXBuildFile; fileRef = CE7C64CC2BD636940066ACCC /* RSSParser.swift */; };
		CE878E742BCBB3F7008CD92F /* Dota2_Update_NotifierApp.swift in Sources */ = {isa = PBXBuildFile; fileRef = CE878E732BCBB3F7008CD92F /* Dota2_Update_NotifierApp.swift */; };
		CE878E762BCBB3F7008CD92F /* ContentView.swift in Sources */ = {isa = PBXBuildFile; fileRef = CE878E752BCBB3F7008CD92F /* ContentView.swift */; };
		CE878E782BCBB3FA008CD92F /* Assets.xcassets in Resources */ = {isa = PBXBuildFile; fileRef = CE878E772BCBB3FA008CD92F /* Assets.xcassets */; };
		CE878E7B2BCBB3FA008CD92F /* Preview Assets.xcassets in Resources */ = {isa = PBXBuildFile; fileRef = CE878E7A2BCBB3FA008CD92F /* Preview Assets.xcassets */; };
		CE878E852BCBB3FA008CD92F /* Dota2_Update_NotifierTests.swift in Sources */ = {isa = PBXBuildFile; fileRef = CE878E842BCBB3FA008CD92F /* Dota2_Update_NotifierTests.swift */; };
		CE878E8F2BCBB3FB008CD92F /* Dota2_Update_NotifierUITests.swift in Sources */ = {isa = PBXBuildFile; fileRef = CE878E8E2BCBB3FB008CD92F /* Dota2_Update_NotifierUITests.swift */; };
		CE878E912BCBB3FB008CD92F /* Dota2_Update_NotifierUITestsLaunchTests.swift in Sources */ = {isa = PBXBuildFile; fileRef = CE878E902BCBB3FB008CD92F /* Dota2_Update_NotifierUITestsLaunchTests.swift */; };
		CE878EA22BCBB4F7008CD92F /* modelData.swift in Sources */ = {isa = PBXBuildFile; fileRef = CE878EA12BCBB4F7008CD92F /* modelData.swift */; };
		CE878EA42BCBB4FF008CD92F /* NewsItem.swift in Sources */ = {isa = PBXBuildFile; fileRef = CE878EA32BCBB4FF008CD92F /* NewsItem.swift */; };
		CE878EAB2BCBB51F008CD92F /* NewsDetail.swift in Sources */ = {isa = PBXBuildFile; fileRef = CE878EA72BCBB51E008CD92F /* NewsDetail.swift */; };
		CE878EAD2BCBB51F008CD92F /* NewsRow.swift in Sources */ = {isa = PBXBuildFile; fileRef = CE878EA92BCBB51F008CD92F /* NewsRow.swift */; };
		CE878EAE2BCBB51F008CD92F /* FavoriteButton.swift in Sources */ = {isa = PBXBuildFile; fileRef = CE878EAA2BCBB51F008CD92F /* FavoriteButton.swift */; };
		CE878EB72BCBB5C3008CD92F /* NavBarView.swift in Sources */ = {isa = PBXBuildFile; fileRef = CE878EB62BCBB5C3008CD92F /* NavBarView.swift */; };
/* End PBXBuildFile section */

/* Begin PBXContainerItemProxy section */
		CE878E812BCBB3FA008CD92F /* PBXContainerItemProxy */ = {
			isa = PBXContainerItemProxy;
			containerPortal = CE878E682BCBB3F7008CD92F /* Project object */;
			proxyType = 1;
			remoteGlobalIDString = CE878E6F2BCBB3F7008CD92F;
			remoteInfo = "Dota2 Update Notifier";
		};
		CE878E8B2BCBB3FB008CD92F /* PBXContainerItemProxy */ = {
			isa = PBXContainerItemProxy;
			containerPortal = CE878E682BCBB3F7008CD92F /* Project object */;
			proxyType = 1;
			remoteGlobalIDString = CE878E6F2BCBB3F7008CD92F;
			remoteInfo = "Dota2 Update Notifier";
		};
/* End PBXContainerItemProxy section */

/* Begin PBXFileReference section */
		8109FAF52BE0B80900F342A6 /* README.md */ = {isa = PBXFileReference; fileEncoding = 4; lastKnownFileType = net.daringfireball.markdown; path = README.md; sourceTree = "<group>"; xcLanguageSpecificationIdentifier = xcode.lang.markdown; };
		8109FB052BE0CA3800F342A6 /* logo_light.png */ = {isa = PBXFileReference; lastKnownFileType = image.png; path = logo_light.png; sourceTree = "<group>"; };
		8109FB072BE0CA3F00F342A6 /* logo_dark.png */ = {isa = PBXFileReference; lastKnownFileType = image.png; path = logo_dark.png; sourceTree = "<group>"; };
		CE7C64C12BD635FB0066ACCC /* FavoritsView.swift */ = {isa = PBXFileReference; fileEncoding = 4; lastKnownFileType = sourcecode.swift; path = FavoritsView.swift; sourceTree = "<group>"; };
		CE7C64C22BD635FC0066ACCC /* NewsListView.swift */ = {isa = PBXFileReference; fileEncoding = 4; lastKnownFileType = sourcecode.swift; path = NewsListView.swift; sourceTree = "<group>"; };
		CE7C64C32BD635FC0066ACCC /* SettingsView.swift */ = {isa = PBXFileReference; fileEncoding = 4; lastKnownFileType = sourcecode.swift; path = SettingsView.swift; sourceTree = "<group>"; };
		CE7C64CC2BD636940066ACCC /* RSSParser.swift */ = {isa = PBXFileReference; fileEncoding = 4; lastKnownFileType = sourcecode.swift; path = RSSParser.swift; sourceTree = "<group>"; };
		CE878E702BCBB3F7008CD92F /* Dota2 Update Notifier.app */ = {isa = PBXFileReference; explicitFileType = wrapper.application; includeInIndex = 0; path = "Dota2 Update Notifier.app"; sourceTree = BUILT_PRODUCTS_DIR; };
		CE878E732BCBB3F7008CD92F /* Dota2_Update_NotifierApp.swift */ = {isa = PBXFileReference; lastKnownFileType = sourcecode.swift; path = Dota2_Update_NotifierApp.swift; sourceTree = "<group>"; };
		CE878E752BCBB3F7008CD92F /* ContentView.swift */ = {isa = PBXFileReference; lastKnownFileType = sourcecode.swift; path = ContentView.swift; sourceTree = "<group>"; };
		CE878E772BCBB3FA008CD92F /* Assets.xcassets */ = {isa = PBXFileReference; lastKnownFileType = folder.assetcatalog; path = Assets.xcassets; sourceTree = "<group>"; };
		CE878E7A2BCBB3FA008CD92F /* Preview Assets.xcassets */ = {isa = PBXFileReference; lastKnownFileType = folder.assetcatalog; path = "Preview Assets.xcassets"; sourceTree = "<group>"; };
		CE878E802BCBB3FA008CD92F /* Dota2 Update NotifierTests.xctest */ = {isa = PBXFileReference; explicitFileType = wrapper.cfbundle; includeInIndex = 0; path = "Dota2 Update NotifierTests.xctest"; sourceTree = BUILT_PRODUCTS_DIR; };
		CE878E842BCBB3FA008CD92F /* Dota2_Update_NotifierTests.swift */ = {isa = PBXFileReference; lastKnownFileType = sourcecode.swift; path = Dota2_Update_NotifierTests.swift; sourceTree = "<group>"; };
		CE878E8A2BCBB3FB008CD92F /* Dota2 Update NotifierUITests.xctest */ = {isa = PBXFileReference; explicitFileType = wrapper.cfbundle; includeInIndex = 0; path = "Dota2 Update NotifierUITests.xctest"; sourceTree = BUILT_PRODUCTS_DIR; };
		CE878E8E2BCBB3FB008CD92F /* Dota2_Update_NotifierUITests.swift */ = {isa = PBXFileReference; lastKnownFileType = sourcecode.swift; path = Dota2_Update_NotifierUITests.swift; sourceTree = "<group>"; };
		CE878E902BCBB3FB008CD92F /* Dota2_Update_NotifierUITestsLaunchTests.swift */ = {isa = PBXFileReference; lastKnownFileType = sourcecode.swift; path = Dota2_Update_NotifierUITestsLaunchTests.swift; sourceTree = "<group>"; };
		CE878EA12BCBB4F7008CD92F /* modelData.swift */ = {isa = PBXFileReference; fileEncoding = 4; lastKnownFileType = sourcecode.swift; path = modelData.swift; sourceTree = "<group>"; };
		CE878EA32BCBB4FF008CD92F /* NewsItem.swift */ = {isa = PBXFileReference; fileEncoding = 4; lastKnownFileType = sourcecode.swift; path = NewsItem.swift; sourceTree = "<group>"; };
		CE878EA72BCBB51E008CD92F /* NewsDetail.swift */ = {isa = PBXFileReference; fileEncoding = 4; lastKnownFileType = sourcecode.swift; path = NewsDetail.swift; sourceTree = "<group>"; };
		CE878EA92BCBB51F008CD92F /* NewsRow.swift */ = {isa = PBXFileReference; fileEncoding = 4; lastKnownFileType = sourcecode.swift; path = NewsRow.swift; sourceTree = "<group>"; };
		CE878EAA2BCBB51F008CD92F /* FavoriteButton.swift */ = {isa = PBXFileReference; fileEncoding = 4; lastKnownFileType = sourcecode.swift; path = FavoriteButton.swift; sourceTree = "<group>"; };
		CE878EB62BCBB5C3008CD92F /* NavBarView.swift */ = {isa = PBXFileReference; fileEncoding = 4; lastKnownFileType = sourcecode.swift; path = NavBarView.swift; sourceTree = "<group>"; };
/* End PBXFileReference section */

/* Begin PBXFrameworksBuildPhase section */
		CE878E6D2BCBB3F7008CD92F /* Frameworks */ = {
			isa = PBXFrameworksBuildPhase;
			buildActionMask = 2147483647;
			files = (
			);
			runOnlyForDeploymentPostprocessing = 0;
		};
		CE878E7D2BCBB3FA008CD92F /* Frameworks */ = {
			isa = PBXFrameworksBuildPhase;
			buildActionMask = 2147483647;
			files = (
			);
			runOnlyForDeploymentPostprocessing = 0;
		};
		CE878E872BCBB3FB008CD92F /* Frameworks */ = {
			isa = PBXFrameworksBuildPhase;
			buildActionMask = 2147483647;
			files = (
			);
			runOnlyForDeploymentPostprocessing = 0;
		};
/* End PBXFrameworksBuildPhase section */

/* Begin PBXGroup section */
		CE7C64CB2BD636700066ACCC /* Service */ = {
			isa = PBXGroup;
			children = (
				CE7C64CC2BD636940066ACCC /* RSSParser.swift */,
			);
			path = Service;
			sourceTree = "<group>";
		};
		CE878E672BCBB3F7008CD92F = {
			isa = PBXGroup;
			children = (
				8109FB052BE0CA3800F342A6 /* logo_light.png */,
				8109FB072BE0CA3F00F342A6 /* logo_dark.png */,
				8109FAF52BE0B80900F342A6 /* README.md */,
				CE878E722BCBB3F7008CD92F /* Dota2 Update Notifier */,
				CE878E832BCBB3FA008CD92F /* Dota2 Update NotifierTests */,
				CE878E8D2BCBB3FB008CD92F /* Dota2 Update NotifierUITests */,
				CE878E712BCBB3F7008CD92F /* Products */,
			);
			sourceTree = "<group>";
		};
		CE878E712BCBB3F7008CD92F /* Products */ = {
			isa = PBXGroup;
			children = (
				CE878E702BCBB3F7008CD92F /* Dota2 Update Notifier.app */,
				CE878E802BCBB3FA008CD92F /* Dota2 Update NotifierTests.xctest */,
				CE878E8A2BCBB3FB008CD92F /* Dota2 Update NotifierUITests.xctest */,
			);
			name = Products;
			sourceTree = "<group>";
		};
		CE878E722BCBB3F7008CD92F /* Dota2 Update Notifier */ = {
			isa = PBXGroup;
			children = (
				CE7C64CB2BD636700066ACCC /* Service */,
				CE878EB32BCBB572008CD92F /* View */,
				CE878EA62BCBB511008CD92F /* Modul */,
				CE878EA02BCBB4E9008CD92F /* Model */,
				CE878E732BCBB3F7008CD92F /* Dota2_Update_NotifierApp.swift */,
				CE878E752BCBB3F7008CD92F /* ContentView.swift */,
				CE878E772BCBB3FA008CD92F /* Assets.xcassets */,
				CE878E792BCBB3FA008CD92F /* Preview Content */,
			);
			path = "Dota2 Update Notifier";
			sourceTree = "<group>";
		};
		CE878E792BCBB3FA008CD92F /* Preview Content */ = {
			isa = PBXGroup;
			children = (
				CE878E7A2BCBB3FA008CD92F /* Preview Assets.xcassets */,
			);
			path = "Preview Content";
			sourceTree = "<group>";
		};
		CE878E832BCBB3FA008CD92F /* Dota2 Update NotifierTests */ = {
			isa = PBXGroup;
			children = (
				CE878E842BCBB3FA008CD92F /* Dota2_Update_NotifierTests.swift */,
			);
			path = "Dota2 Update NotifierTests";
			sourceTree = "<group>";
		};
		CE878E8D2BCBB3FB008CD92F /* Dota2 Update NotifierUITests */ = {
			isa = PBXGroup;
			children = (
				CE878E8E2BCBB3FB008CD92F /* Dota2_Update_NotifierUITests.swift */,
				CE878E902BCBB3FB008CD92F /* Dota2_Update_NotifierUITestsLaunchTests.swift */,
			);
			path = "Dota2 Update NotifierUITests";
			sourceTree = "<group>";
		};
		CE878EA02BCBB4E9008CD92F /* Model */ = {
			isa = PBXGroup;
			children = (
				CE878EA12BCBB4F7008CD92F /* modelData.swift */,
				CE878EA32BCBB4FF008CD92F /* NewsItem.swift */,
			);
			path = Model;
			sourceTree = "<group>";
		};
		CE878EA62BCBB511008CD92F /* Modul */ = {
			isa = PBXGroup;
			children = (
				CE878EAA2BCBB51F008CD92F /* FavoriteButton.swift */,
				CE878EA72BCBB51E008CD92F /* NewsDetail.swift */,
				CE878EA92BCBB51F008CD92F /* NewsRow.swift */,
			);
			path = Modul;
			sourceTree = "<group>";
		};
		CE878EB32BCBB572008CD92F /* View */ = {
			isa = PBXGroup;
			children = (
				CE7C64C12BD635FB0066ACCC /* FavoritsView.swift */,
				CE7C64C22BD635FC0066ACCC /* NewsListView.swift */,
				CE7C64C32BD635FC0066ACCC /* SettingsView.swift */,
				CE878EB62BCBB5C3008CD92F /* NavBarView.swift */,
			);
			path = View;
			sourceTree = "<group>";
		};
/* End PBXGroup section */

/* Begin PBXNativeTarget section */
		CE878E6F2BCBB3F7008CD92F /* Dota2 Update Notifier */ = {
			isa = PBXNativeTarget;
			buildConfigurationList = CE878E942BCBB3FB008CD92F /* Build configuration list for PBXNativeTarget "Dota2 Update Notifier" */;
			buildPhases = (
				CE878E6C2BCBB3F7008CD92F /* Sources */,
				CE878E6D2BCBB3F7008CD92F /* Frameworks */,
				CE878E6E2BCBB3F7008CD92F /* Resources */,
			);
			buildRules = (
			);
			dependencies = (
			);
			name = "Dota2 Update Notifier";
			productName = "Dota2 Update Notifier";
			productReference = CE878E702BCBB3F7008CD92F /* Dota2 Update Notifier.app */;
			productType = "com.apple.product-type.application";
		};
		CE878E7F2BCBB3FA008CD92F /* Dota2 Update NotifierTests */ = {
			isa = PBXNativeTarget;
			buildConfigurationList = CE878E972BCBB3FB008CD92F /* Build configuration list for PBXNativeTarget "Dota2 Update NotifierTests" */;
			buildPhases = (
				CE878E7C2BCBB3FA008CD92F /* Sources */,
				CE878E7D2BCBB3FA008CD92F /* Frameworks */,
				CE878E7E2BCBB3FA008CD92F /* Resources */,
			);
			buildRules = (
			);
			dependencies = (
				CE878E822BCBB3FA008CD92F /* PBXTargetDependency */,
			);
			name = "Dota2 Update NotifierTests";
			productName = "Dota2 Update NotifierTests";
			productReference = CE878E802BCBB3FA008CD92F /* Dota2 Update NotifierTests.xctest */;
			productType = "com.apple.product-type.bundle.unit-test";
		};
		CE878E892BCBB3FB008CD92F /* Dota2 Update NotifierUITests */ = {
			isa = PBXNativeTarget;
			buildConfigurationList = CE878E9A2BCBB3FB008CD92F /* Build configuration list for PBXNativeTarget "Dota2 Update NotifierUITests" */;
			buildPhases = (
				CE878E862BCBB3FB008CD92F /* Sources */,
				CE878E872BCBB3FB008CD92F /* Frameworks */,
				CE878E882BCBB3FB008CD92F /* Resources */,
			);
			buildRules = (
			);
			dependencies = (
				CE878E8C2BCBB3FB008CD92F /* PBXTargetDependency */,
			);
			name = "Dota2 Update NotifierUITests";
			productName = "Dota2 Update NotifierUITests";
			productReference = CE878E8A2BCBB3FB008CD92F /* Dota2 Update NotifierUITests.xctest */;
			productType = "com.apple.product-type.bundle.ui-testing";
		};
/* End PBXNativeTarget section */

/* Begin PBXProject section */
		CE878E682BCBB3F7008CD92F /* Project object */ = {
			isa = PBXProject;
			attributes = {
				BuildIndependentTargetsInParallel = 1;
				LastSwiftUpdateCheck = 1520;
				LastUpgradeCheck = 1520;
				TargetAttributes = {
					CE878E6F2BCBB3F7008CD92F = {
						CreatedOnToolsVersion = 15.2;
					};
					CE878E7F2BCBB3FA008CD92F = {
						CreatedOnToolsVersion = 15.2;
						TestTargetID = CE878E6F2BCBB3F7008CD92F;
					};
					CE878E892BCBB3FB008CD92F = {
						CreatedOnToolsVersion = 15.2;
						TestTargetID = CE878E6F2BCBB3F7008CD92F;
					};
				};
			};
			buildConfigurationList = CE878E6B2BCBB3F7008CD92F /* Build configuration list for PBXProject "Dota2 Update Notifier" */;
			compatibilityVersion = "Xcode 14.0";
			developmentRegion = en;
			hasScannedForEncodings = 0;
			knownRegions = (
				en,
				Base,
			);
			mainGroup = CE878E672BCBB3F7008CD92F;
			productRefGroup = CE878E712BCBB3F7008CD92F /* Products */;
			projectDirPath = "";
			projectRoot = "";
			targets = (
				CE878E6F2BCBB3F7008CD92F /* Dota2 Update Notifier */,
				CE878E7F2BCBB3FA008CD92F /* Dota2 Update NotifierTests */,
				CE878E892BCBB3FB008CD92F /* Dota2 Update NotifierUITests */,
			);
		};
/* End PBXProject section */

/* Begin PBXResourcesBuildPhase section */
		CE878E6E2BCBB3F7008CD92F /* Resources */ = {
			isa = PBXResourcesBuildPhase;
			buildActionMask = 2147483647;
			files = (
				8109FAF62BE0B80900F342A6 /* README.md in Resources */,
				8109FB082BE0CA3F00F342A6 /* logo_dark.png in Resources */,
				8109FB062BE0CA3800F342A6 /* logo_light.png in Resources */,
				CE878E7B2BCBB3FA008CD92F /* Preview Assets.xcassets in Resources */,
				CE878E782BCBB3FA008CD92F /* Assets.xcassets in Resources */,
			);
			runOnlyForDeploymentPostprocessing = 0;
		};
		CE878E7E2BCBB3FA008CD92F /* Resources */ = {
			isa = PBXResourcesBuildPhase;
			buildActionMask = 2147483647;
			files = (
			);
			runOnlyForDeploymentPostprocessing = 0;
		};
		CE878E882BCBB3FB008CD92F /* Resources */ = {
			isa = PBXResourcesBuildPhase;
			buildActionMask = 2147483647;
			files = (
			);
			runOnlyForDeploymentPostprocessing = 0;
		};
/* End PBXResourcesBuildPhase section */

/* Begin PBXSourcesBuildPhase section */
		CE878E6C2BCBB3F7008CD92F /* Sources */ = {
			isa = PBXSourcesBuildPhase;
			buildActionMask = 2147483647;
			files = (
				CE878E762BCBB3F7008CD92F /* ContentView.swift in Sources */,
				CE878EA42BCBB4FF008CD92F /* NewsItem.swift in Sources */,
				CE7C64C52BD635FC0066ACCC /* FavoritsView.swift in Sources */,
				CE7C64CD2BD636940066ACCC /* RSSParser.swift in Sources */,
				CE878EAE2BCBB51F008CD92F /* FavoriteButton.swift in Sources */,
				CE878EB72BCBB5C3008CD92F /* NavBarView.swift in Sources */,
				CE878E742BCBB3F7008CD92F /* Dota2_Update_NotifierApp.swift in Sources */,
				CE878EAB2BCBB51F008CD92F /* NewsDetail.swift in Sources */,
				CE7C64C62BD635FC0066ACCC /* NewsListView.swift in Sources */,
				CE878EAD2BCBB51F008CD92F /* NewsRow.swift in Sources */,
				CE878EA22BCBB4F7008CD92F /* modelData.swift in Sources */,
				CE7C64C72BD635FC0066ACCC /* SettingsView.swift in Sources */,
			);
			runOnlyForDeploymentPostprocessing = 0;
		};
		CE878E7C2BCBB3FA008CD92F /* Sources */ = {
			isa = PBXSourcesBuildPhase;
			buildActionMask = 2147483647;
			files = (
				CE878E852BCBB3FA008CD92F /* Dota2_Update_NotifierTests.swift in Sources */,
			);
			runOnlyForDeploymentPostprocessing = 0;
		};
		CE878E862BCBB3FB008CD92F /* Sources */ = {
			isa = PBXSourcesBuildPhase;
			buildActionMask = 2147483647;
			files = (
				CE878E912BCBB3FB008CD92F /* Dota2_Update_NotifierUITestsLaunchTests.swift in Sources */,
				CE878E8F2BCBB3FB008CD92F /* Dota2_Update_NotifierUITests.swift in Sources */,
			);
			runOnlyForDeploymentPostprocessing = 0;
		};
/* End PBXSourcesBuildPhase section */

/* Begin PBXTargetDependency section */
		CE878E822BCBB3FA008CD92F /* PBXTargetDependency */ = {
			isa = PBXTargetDependency;
			target = CE878E6F2BCBB3F7008CD92F /* Dota2 Update Notifier */;
			targetProxy = CE878E812BCBB3FA008CD92F /* PBXContainerItemProxy */;
		};
		CE878E8C2BCBB3FB008CD92F /* PBXTargetDependency */ = {
			isa = PBXTargetDependency;
			target = CE878E6F2BCBB3F7008CD92F /* Dota2 Update Notifier */;
			targetProxy = CE878E8B2BCBB3FB008CD92F /* PBXContainerItemProxy */;
		};
/* End PBXTargetDependency section */

/* Begin XCBuildConfiguration section */
		CE878E922BCBB3FB008CD92F /* Debug */ = {
			isa = XCBuildConfiguration;
			buildSettings = {
				ALWAYS_SEARCH_USER_PATHS = NO;
				ASSETCATALOG_COMPILER_GENERATE_SWIFT_ASSET_SYMBOL_EXTENSIONS = YES;
				CLANG_ANALYZER_NONNULL = YES;
				CLANG_ANALYZER_NUMBER_OBJECT_CONVERSION = YES_AGGRESSIVE;
				CLANG_CXX_LANGUAGE_STANDARD = "gnu++20";
				CLANG_ENABLE_MODULES = YES;
				CLANG_ENABLE_OBJC_ARC = YES;
				CLANG_ENABLE_OBJC_WEAK = YES;
				CLANG_WARN_BLOCK_CAPTURE_AUTORELEASING = YES;
				CLANG_WARN_BOOL_CONVERSION = YES;
				CLANG_WARN_COMMA = YES;
				CLANG_WARN_CONSTANT_CONVERSION = YES;
				CLANG_WARN_DEPRECATED_OBJC_IMPLEMENTATIONS = YES;
				CLANG_WARN_DIRECT_OBJC_ISA_USAGE = YES_ERROR;
				CLANG_WARN_DOCUMENTATION_COMMENTS = YES;
				CLANG_WARN_EMPTY_BODY = YES;
				CLANG_WARN_ENUM_CONVERSION = YES;
				CLANG_WARN_INFINITE_RECURSION = YES;
				CLANG_WARN_INT_CONVERSION = YES;
				CLANG_WARN_NON_LITERAL_NULL_CONVERSION = YES;
				CLANG_WARN_OBJC_IMPLICIT_RETAIN_SELF = YES;
				CLANG_WARN_OBJC_LITERAL_CONVERSION = YES;
				CLANG_WARN_OBJC_ROOT_CLASS = YES_ERROR;
				CLANG_WARN_QUOTED_INCLUDE_IN_FRAMEWORK_HEADER = YES;
				CLANG_WARN_RANGE_LOOP_ANALYSIS = YES;
				CLANG_WARN_STRICT_PROTOTYPES = YES;
				CLANG_WARN_SUSPICIOUS_MOVE = YES;
				CLANG_WARN_UNGUARDED_AVAILABILITY = YES_AGGRESSIVE;
				CLANG_WARN_UNREACHABLE_CODE = YES;
				CLANG_WARN__DUPLICATE_METHOD_MATCH = YES;
				COPY_PHASE_STRIP = NO;
				DEBUG_INFORMATION_FORMAT = dwarf;
				ENABLE_STRICT_OBJC_MSGSEND = YES;
				ENABLE_TESTABILITY = YES;
				ENABLE_USER_SCRIPT_SANDBOXING = YES;
				GCC_C_LANGUAGE_STANDARD = gnu17;
				GCC_DYNAMIC_NO_PIC = NO;
				GCC_NO_COMMON_BLOCKS = YES;
				GCC_OPTIMIZATION_LEVEL = 0;
				GCC_PREPROCESSOR_DEFINITIONS = (
					"DEBUG=1",
					"$(inherited)",
				);
				GCC_WARN_64_TO_32_BIT_CONVERSION = YES;
				GCC_WARN_ABOUT_RETURN_TYPE = YES_ERROR;
				GCC_WARN_UNDECLARED_SELECTOR = YES;
				GCC_WARN_UNINITIALIZED_AUTOS = YES_AGGRESSIVE;
				GCC_WARN_UNUSED_FUNCTION = YES;
				GCC_WARN_UNUSED_VARIABLE = YES;
				IPHONEOS_DEPLOYMENT_TARGET = 17.0;
				LOCALIZATION_PREFERS_STRING_CATALOGS = YES;
				MTL_ENABLE_DEBUG_INFO = INCLUDE_SOURCE;
				MTL_FAST_MATH = YES;
				ONLY_ACTIVE_ARCH = YES;
				SDKROOT = iphoneos;
				SWIFT_ACTIVE_COMPILATION_CONDITIONS = "DEBUG $(inherited)";
				SWIFT_OPTIMIZATION_LEVEL = "-Onone";
			};
			name = Debug;
		};
		CE878E932BCBB3FB008CD92F /* Release */ = {
			isa = XCBuildConfiguration;
			buildSettings = {
				ALWAYS_SEARCH_USER_PATHS = NO;
				ASSETCATALOG_COMPILER_GENERATE_SWIFT_ASSET_SYMBOL_EXTENSIONS = YES;
				CLANG_ANALYZER_NONNULL = YES;
				CLANG_ANALYZER_NUMBER_OBJECT_CONVERSION = YES_AGGRESSIVE;
				CLANG_CXX_LANGUAGE_STANDARD = "gnu++20";
				CLANG_ENABLE_MODULES = YES;
				CLANG_ENABLE_OBJC_ARC = YES;
				CLANG_ENABLE_OBJC_WEAK = YES;
				CLANG_WARN_BLOCK_CAPTURE_AUTORELEASING = YES;
				CLANG_WARN_BOOL_CONVERSION = YES;
				CLANG_WARN_COMMA = YES;
				CLANG_WARN_CONSTANT_CONVERSION = YES;
				CLANG_WARN_DEPRECATED_OBJC_IMPLEMENTATIONS = YES;
				CLANG_WARN_DIRECT_OBJC_ISA_USAGE = YES_ERROR;
				CLANG_WARN_DOCUMENTATION_COMMENTS = YES;
				CLANG_WARN_EMPTY_BODY = YES;
				CLANG_WARN_ENUM_CONVERSION = YES;
				CLANG_WARN_INFINITE_RECURSION = YES;
				CLANG_WARN_INT_CONVERSION = YES;
				CLANG_WARN_NON_LITERAL_NULL_CONVERSION = YES;
				CLANG_WARN_OBJC_IMPLICIT_RETAIN_SELF = YES;
				CLANG_WARN_OBJC_LITERAL_CONVERSION = YES;
				CLANG_WARN_OBJC_ROOT_CLASS = YES_ERROR;
				CLANG_WARN_QUOTED_INCLUDE_IN_FRAMEWORK_HEADER = YES;
				CLANG_WARN_RANGE_LOOP_ANALYSIS = YES;
				CLANG_WARN_STRICT_PROTOTYPES = YES;
				CLANG_WARN_SUSPICIOUS_MOVE = YES;
				CLANG_WARN_UNGUARDED_AVAILABILITY = YES_AGGRESSIVE;
				CLANG_WARN_UNREACHABLE_CODE = YES;
				CLANG_WARN__DUPLICATE_METHOD_MATCH = YES;
				COPY_PHASE_STRIP = NO;
				DEBUG_INFORMATION_FORMAT = "dwarf-with-dsym";
				ENABLE_NS_ASSERTIONS = NO;
				ENABLE_STRICT_OBJC_MSGSEND = YES;
				ENABLE_USER_SCRIPT_SANDBOXING = YES;
				GCC_C_LANGUAGE_STANDARD = gnu17;
				GCC_NO_COMMON_BLOCKS = YES;
				GCC_WARN_64_TO_32_BIT_CONVERSION = YES;
				GCC_WARN_ABOUT_RETURN_TYPE = YES_ERROR;
				GCC_WARN_UNDECLARED_SELECTOR = YES;
				GCC_WARN_UNINITIALIZED_AUTOS = YES_AGGRESSIVE;
				GCC_WARN_UNUSED_FUNCTION = YES;
				GCC_WARN_UNUSED_VARIABLE = YES;
				IPHONEOS_DEPLOYMENT_TARGET = 17.0;
				LOCALIZATION_PREFERS_STRING_CATALOGS = YES;
				MTL_ENABLE_DEBUG_INFO = NO;
				MTL_FAST_MATH = YES;
				SDKROOT = iphoneos;
				SWIFT_COMPILATION_MODE = wholemodule;
				VALIDATE_PRODUCT = YES;
			};
			name = Release;
		};
		CE878E952BCBB3FB008CD92F /* Debug */ = {
			isa = XCBuildConfiguration;
			buildSettings = {
				ASSETCATALOG_COMPILER_APPICON_NAME = AppIcon;
				ASSETCATALOG_COMPILER_GLOBAL_ACCENT_COLOR_NAME = AccentColor;
				CODE_SIGN_STYLE = Automatic;
				CURRENT_PROJECT_VERSION = 1;
				DEVELOPMENT_ASSET_PATHS = "\"Dota2 Update Notifier/Preview Content\"";
				DEVELOPMENT_TEAM = 467Y563ZU5;
				ENABLE_PREVIEWS = YES;
				GENERATE_INFOPLIST_FILE = YES;
				INFOPLIST_KEY_UIApplicationSceneManifest_Generation = YES;
				INFOPLIST_KEY_UIApplicationSupportsIndirectInputEvents = YES;
				INFOPLIST_KEY_UILaunchScreen_Generation = YES;
				INFOPLIST_KEY_UISupportedInterfaceOrientations_iPad = "UIInterfaceOrientationPortrait UIInterfaceOrientationPortraitUpsideDown UIInterfaceOrientationLandscapeLeft UIInterfaceOrientationLandscapeRight";
				INFOPLIST_KEY_UISupportedInterfaceOrientations_iPhone = "UIInterfaceOrientationPortrait UIInterfaceOrientationLandscapeLeft UIInterfaceOrientationLandscapeRight";
				LD_RUNPATH_SEARCH_PATHS = (
					"$(inherited)",
					"@executable_path/Frameworks",
				);
				MARKETING_VERSION = 1.0;
				PRODUCT_BUNDLE_IDENTIFIER = "DreF.Dota2-Update-Notifier";
				PRODUCT_NAME = "$(TARGET_NAME)";
				SWIFT_EMIT_LOC_STRINGS = YES;
				SWIFT_VERSION = 5.0;
				TARGETED_DEVICE_FAMILY = "1,2";
			};
			name = Debug;
		};
		CE878E962BCBB3FB008CD92F /* Release */ = {
			isa = XCBuildConfiguration;
			buildSettings = {
				ASSETCATALOG_COMPILER_APPICON_NAME = AppIcon;
				ASSETCATALOG_COMPILER_GLOBAL_ACCENT_COLOR_NAME = AccentColor;
				CODE_SIGN_STYLE = Automatic;
				CURRENT_PROJECT_VERSION = 1;
				DEVELOPMENT_ASSET_PATHS = "\"Dota2 Update Notifier/Preview Content\"";
				DEVELOPMENT_TEAM = 467Y563ZU5;
				ENABLE_PREVIEWS = YES;
				GENERATE_INFOPLIST_FILE = YES;
				INFOPLIST_KEY_UIApplicationSceneManifest_Generation = YES;
				INFOPLIST_KEY_UIApplicationSupportsIndirectInputEvents = YES;
				INFOPLIST_KEY_UILaunchScreen_Generation = YES;
				INFOPLIST_KEY_UISupportedInterfaceOrientations_iPad = "UIInterfaceOrientationPortrait UIInterfaceOrientationPortraitUpsideDown UIInterfaceOrientationLandscapeLeft UIInterfaceOrientationLandscapeRight";
				INFOPLIST_KEY_UISupportedInterfaceOrientations_iPhone = "UIInterfaceOrientationPortrait UIInterfaceOrientationLandscapeLeft UIInterfaceOrientationLandscapeRight";
				LD_RUNPATH_SEARCH_PATHS = (
					"$(inherited)",
					"@executable_path/Frameworks",
				);
				MARKETING_VERSION = 1.0;
				PRODUCT_BUNDLE_IDENTIFIER = "DreF.Dota2-Update-Notifier";
				PRODUCT_NAME = "$(TARGET_NAME)";
				SWIFT_EMIT_LOC_STRINGS = YES;
				SWIFT_VERSION = 5.0;
				TARGETED_DEVICE_FAMILY = "1,2";
			};
			name = Release;
		};
		CE878E982BCBB3FB008CD92F /* Debug */ = {
			isa = XCBuildConfiguration;
			buildSettings = {
				ALWAYS_EMBED_SWIFT_STANDARD_LIBRARIES = YES;
				BUNDLE_LOADER = "$(TEST_HOST)";
				CODE_SIGN_STYLE = Automatic;
				CURRENT_PROJECT_VERSION = 1;
				DEVELOPMENT_TEAM = 467Y563ZU5;
				GENERATE_INFOPLIST_FILE = YES;
				IPHONEOS_DEPLOYMENT_TARGET = 17.2;
				MARKETING_VERSION = 1.0;
				PRODUCT_BUNDLE_IDENTIFIER = "DreF.Dota2-Update-NotifierTests";
				PRODUCT_NAME = "$(TARGET_NAME)";
				SWIFT_EMIT_LOC_STRINGS = NO;
				SWIFT_VERSION = 5.0;
				TARGETED_DEVICE_FAMILY = "1,2";
				TEST_HOST = "$(BUILT_PRODUCTS_DIR)/Dota2 Update Notifier.app/$(BUNDLE_EXECUTABLE_FOLDER_PATH)/Dota2 Update Notifier";
			};
			name = Debug;
		};
		CE878E992BCBB3FB008CD92F /* Release */ = {
			isa = XCBuildConfiguration;
			buildSettings = {
				ALWAYS_EMBED_SWIFT_STANDARD_LIBRARIES = YES;
				BUNDLE_LOADER = "$(TEST_HOST)";
				CODE_SIGN_STYLE = Automatic;
				CURRENT_PROJECT_VERSION = 1;
				DEVELOPMENT_TEAM = 467Y563ZU5;
				GENERATE_INFOPLIST_FILE = YES;
				IPHONEOS_DEPLOYMENT_TARGET = 17.2;
				MARKETING_VERSION = 1.0;
				PRODUCT_BUNDLE_IDENTIFIER = "DreF.Dota2-Update-NotifierTests";
				PRODUCT_NAME = "$(TARGET_NAME)";
				SWIFT_EMIT_LOC_STRINGS = NO;
				SWIFT_VERSION = 5.0;
				TARGETED_DEVICE_FAMILY = "1,2";
				TEST_HOST = "$(BUILT_PRODUCTS_DIR)/Dota2 Update Notifier.app/$(BUNDLE_EXECUTABLE_FOLDER_PATH)/Dota2 Update Notifier";
			};
			name = Release;
		};
		CE878E9B2BCBB3FB008CD92F /* Debug */ = {
			isa = XCBuildConfiguration;
			buildSettings = {
				ALWAYS_EMBED_SWIFT_STANDARD_LIBRARIES = YES;
				CODE_SIGN_STYLE = Automatic;
				CURRENT_PROJECT_VERSION = 1;
				DEVELOPMENT_TEAM = 467Y563ZU5;
				GENERATE_INFOPLIST_FILE = YES;
				MARKETING_VERSION = 1.0;
				PRODUCT_BUNDLE_IDENTIFIER = "DreF.Dota2-Update-NotifierUITests";
				PRODUCT_NAME = "$(TARGET_NAME)";
				SWIFT_EMIT_LOC_STRINGS = NO;
				SWIFT_VERSION = 5.0;
				TARGETED_DEVICE_FAMILY = "1,2";
				TEST_TARGET_NAME = "Dota2 Update Notifier";
			};
			name = Debug;
		};
		CE878E9C2BCBB3FB008CD92F /* Release */ = {
			isa = XCBuildConfiguration;
			buildSettings = {
				ALWAYS_EMBED_SWIFT_STANDARD_LIBRARIES = YES;
				CODE_SIGN_STYLE = Automatic;
				CURRENT_PROJECT_VERSION = 1;
				DEVELOPMENT_TEAM = 467Y563ZU5;
				GENERATE_INFOPLIST_FILE = YES;
				MARKETING_VERSION = 1.0;
				PRODUCT_BUNDLE_IDENTIFIER = "DreF.Dota2-Update-NotifierUITests";
				PRODUCT_NAME = "$(TARGET_NAME)";
				SWIFT_EMIT_LOC_STRINGS = NO;
				SWIFT_VERSION = 5.0;
				TARGETED_DEVICE_FAMILY = "1,2";
				TEST_TARGET_NAME = "Dota2 Update Notifier";
			};
			name = Release;
		};
/* End XCBuildConfiguration section */

/* Begin XCConfigurationList section */
		CE878E6B2BCBB3F7008CD92F /* Build configuration list for PBXProject "Dota2 Update Notifier" */ = {
			isa = XCConfigurationList;
			buildConfigurations = (
				CE878E922BCBB3FB008CD92F /* Debug */,
				CE878E932BCBB3FB008CD92F /* Release */,
			);
			defaultConfigurationIsVisible = 0;
			defaultConfigurationName = Release;
		};
		CE878E942BCBB3FB008CD92F /* Build configuration list for PBXNativeTarget "Dota2 Update Notifier" */ = {
			isa = XCConfigurationList;
			buildConfigurations = (
				CE878E952BCBB3FB008CD92F /* Debug */,
				CE878E962BCBB3FB008CD92F /* Release */,
			);
			defaultConfigurationIsVisible = 0;
			defaultConfigurationName = Release;
		};
		CE878E972BCBB3FB008CD92F /* Build configuration list for PBXNativeTarget "Dota2 Update NotifierTests" */ = {
			isa = XCConfigurationList;
			buildConfigurations = (
				CE878E982BCBB3FB008CD92F /* Debug */,
				CE878E992BCBB3FB008CD92F /* Release */,
			);
			defaultConfigurationIsVisible = 0;
			defaultConfigurationName = Release;
		};
		CE878E9A2BCBB3FB008CD92F /* Build configuration list for PBXNativeTarget "Dota2 Update NotifierUITests" */ = {
			isa = XCConfigurationList;
			buildConfigurations = (
				CE878E9B2BCBB3FB008CD92F /* Debug */,
				CE878E9C2BCBB3FB008CD92F /* Release */,
			);
			defaultConfigurationIsVisible = 0;
			defaultConfigurationName = Release;
		};
/* End XCConfigurationList section */
	};
	rootObject = CE878E682BCBB3F7008CD92F /* Project object */;
}
