// !$*UTF8*$!
{
	archiveVersion = 1;
	classes = {
	};
	objectVersion = 56;
	objects = {

/* Begin PBXBuildFile section */
		CE09DC262BC5231900264B90 /* Dota2_Update_NotifierApp.swift in Sources */ = {isa = PBXBuildFile; fileRef = CE09DC252BC5231900264B90 /* Dota2_Update_NotifierApp.swift */; };
		CE09DC282BC5231900264B90 /* ContentView.swift in Sources */ = {isa = PBXBuildFile; fileRef = CE09DC272BC5231900264B90 /* ContentView.swift */; };
		CE09DC2A2BC5232100264B90 /* Assets.xcassets in Resources */ = {isa = PBXBuildFile; fileRef = CE09DC292BC5232100264B90 /* Assets.xcassets */; };
		CE09DC2D2BC5232100264B90 /* Preview Assets.xcassets in Resources */ = {isa = PBXBuildFile; fileRef = CE09DC2C2BC5232100264B90 /* Preview Assets.xcassets */; };
		CE09DC372BC5232200264B90 /* Dota2_Update_NotifierTests.swift in Sources */ = {isa = PBXBuildFile; fileRef = CE09DC362BC5232200264B90 /* Dota2_Update_NotifierTests.swift */; };
		CE09DC412BC5232200264B90 /* Dota2_Update_NotifierUITests.swift in Sources */ = {isa = PBXBuildFile; fileRef = CE09DC402BC5232200264B90 /* Dota2_Update_NotifierUITests.swift */; };
		CE09DC432BC5232200264B90 /* Dota2_Update_NotifierUITestsLaunchTests.swift in Sources */ = {isa = PBXBuildFile; fileRef = CE09DC422BC5232200264B90 /* Dota2_Update_NotifierUITestsLaunchTests.swift */; };
/* End PBXBuildFile section */

/* Begin PBXContainerItemProxy section */
		CE09DC332BC5232200264B90 /* PBXContainerItemProxy */ = {
			isa = PBXContainerItemProxy;
			containerPortal = CE09DC1A2BC5231900264B90 /* Project object */;
			proxyType = 1;
			remoteGlobalIDString = CE09DC212BC5231900264B90;
			remoteInfo = "Dota2 Update Notifier";
		};
		CE09DC3D2BC5232200264B90 /* PBXContainerItemProxy */ = {
			isa = PBXContainerItemProxy;
			containerPortal = CE09DC1A2BC5231900264B90 /* Project object */;
			proxyType = 1;
			remoteGlobalIDString = CE09DC212BC5231900264B90;
			remoteInfo = "Dota2 Update Notifier";
		};
/* End PBXContainerItemProxy section */

/* Begin PBXFileReference section */
		CE09DC222BC5231900264B90 /* Dota2 Update Notifier.app */ = {isa = PBXFileReference; explicitFileType = wrapper.application; includeInIndex = 0; path = "Dota2 Update Notifier.app"; sourceTree = BUILT_PRODUCTS_DIR; };
		CE09DC252BC5231900264B90 /* Dota2_Update_NotifierApp.swift */ = {isa = PBXFileReference; lastKnownFileType = sourcecode.swift; path = Dota2_Update_NotifierApp.swift; sourceTree = "<group>"; };
		CE09DC272BC5231900264B90 /* ContentView.swift */ = {isa = PBXFileReference; lastKnownFileType = sourcecode.swift; path = ContentView.swift; sourceTree = "<group>"; };
		CE09DC292BC5232100264B90 /* Assets.xcassets */ = {isa = PBXFileReference; lastKnownFileType = folder.assetcatalog; path = Assets.xcassets; sourceTree = "<group>"; };
		CE09DC2C2BC5232100264B90 /* Preview Assets.xcassets */ = {isa = PBXFileReference; lastKnownFileType = folder.assetcatalog; path = "Preview Assets.xcassets"; sourceTree = "<group>"; };
		CE09DC322BC5232200264B90 /* Dota2 Update NotifierTests.xctest */ = {isa = PBXFileReference; explicitFileType = wrapper.cfbundle; includeInIndex = 0; path = "Dota2 Update NotifierTests.xctest"; sourceTree = BUILT_PRODUCTS_DIR; };
		CE09DC362BC5232200264B90 /* Dota2_Update_NotifierTests.swift */ = {isa = PBXFileReference; lastKnownFileType = sourcecode.swift; path = Dota2_Update_NotifierTests.swift; sourceTree = "<group>"; };
		CE09DC3C2BC5232200264B90 /* Dota2 Update NotifierUITests.xctest */ = {isa = PBXFileReference; explicitFileType = wrapper.cfbundle; includeInIndex = 0; path = "Dota2 Update NotifierUITests.xctest"; sourceTree = BUILT_PRODUCTS_DIR; };
		CE09DC402BC5232200264B90 /* Dota2_Update_NotifierUITests.swift */ = {isa = PBXFileReference; lastKnownFileType = sourcecode.swift; path = Dota2_Update_NotifierUITests.swift; sourceTree = "<group>"; };
		CE09DC422BC5232200264B90 /* Dota2_Update_NotifierUITestsLaunchTests.swift */ = {isa = PBXFileReference; lastKnownFileType = sourcecode.swift; path = Dota2_Update_NotifierUITestsLaunchTests.swift; sourceTree = "<group>"; };
/* End PBXFileReference section */

/* Begin PBXFrameworksBuildPhase section */
		CE09DC1F2BC5231900264B90 /* Frameworks */ = {
			isa = PBXFrameworksBuildPhase;
			buildActionMask = 2147483647;
			files = (
			);
			runOnlyForDeploymentPostprocessing = 0;
		};
		CE09DC2F2BC5232200264B90 /* Frameworks */ = {
			isa = PBXFrameworksBuildPhase;
			buildActionMask = 2147483647;
			files = (
			);
			runOnlyForDeploymentPostprocessing = 0;
		};
		CE09DC392BC5232200264B90 /* Frameworks */ = {
			isa = PBXFrameworksBuildPhase;
			buildActionMask = 2147483647;
			files = (
			);
			runOnlyForDeploymentPostprocessing = 0;
		};
/* End PBXFrameworksBuildPhase section */

/* Begin PBXGroup section */
		CE09DC192BC5231900264B90 = {
			isa = PBXGroup;
			children = (
				CE09DC242BC5231900264B90 /* Dota2 Update Notifier */,
				CE09DC352BC5232200264B90 /* Dota2 Update NotifierTests */,
				CE09DC3F2BC5232200264B90 /* Dota2 Update NotifierUITests */,
				CE09DC232BC5231900264B90 /* Products */,
			);
			sourceTree = "<group>";
		};
		CE09DC232BC5231900264B90 /* Products */ = {
			isa = PBXGroup;
			children = (
				CE09DC222BC5231900264B90 /* Dota2 Update Notifier.app */,
				CE09DC322BC5232200264B90 /* Dota2 Update NotifierTests.xctest */,
				CE09DC3C2BC5232200264B90 /* Dota2 Update NotifierUITests.xctest */,
			);
			name = Products;
			sourceTree = "<group>";
		};
		CE09DC242BC5231900264B90 /* Dota2 Update Notifier */ = {
			isa = PBXGroup;
			children = (
				CE09DC252BC5231900264B90 /* Dota2_Update_NotifierApp.swift */,
				CE09DC272BC5231900264B90 /* ContentView.swift */,
				CE09DC292BC5232100264B90 /* Assets.xcassets */,
				CE09DC2B2BC5232100264B90 /* Preview Content */,
			);
			path = "Dota2 Update Notifier";
			sourceTree = "<group>";
		};
		CE09DC2B2BC5232100264B90 /* Preview Content */ = {
			isa = PBXGroup;
			children = (
				CE09DC2C2BC5232100264B90 /* Preview Assets.xcassets */,
			);
			path = "Preview Content";
			sourceTree = "<group>";
		};
		CE09DC352BC5232200264B90 /* Dota2 Update NotifierTests */ = {
			isa = PBXGroup;
			children = (
				CE09DC362BC5232200264B90 /* Dota2_Update_NotifierTests.swift */,
			);
			path = "Dota2 Update NotifierTests";
			sourceTree = "<group>";
		};
		CE09DC3F2BC5232200264B90 /* Dota2 Update NotifierUITests */ = {
			isa = PBXGroup;
			children = (
				CE09DC402BC5232200264B90 /* Dota2_Update_NotifierUITests.swift */,
				CE09DC422BC5232200264B90 /* Dota2_Update_NotifierUITestsLaunchTests.swift */,
			);
			path = "Dota2 Update NotifierUITests";
			sourceTree = "<group>";
		};
/* End PBXGroup section */

/* Begin PBXNativeTarget section */
		CE09DC212BC5231900264B90 /* Dota2 Update Notifier */ = {
			isa = PBXNativeTarget;
			buildConfigurationList = CE09DC462BC5232200264B90 /* Build configuration list for PBXNativeTarget "Dota2 Update Notifier" */;
			buildPhases = (
				CE09DC1E2BC5231900264B90 /* Sources */,
				CE09DC1F2BC5231900264B90 /* Frameworks */,
				CE09DC202BC5231900264B90 /* Resources */,
			);
			buildRules = (
			);
			dependencies = (
			);
			name = "Dota2 Update Notifier";
			productName = "Dota2 Update Notifier";
			productReference = CE09DC222BC5231900264B90 /* Dota2 Update Notifier.app */;
			productType = "com.apple.product-type.application";
		};
		CE09DC312BC5232200264B90 /* Dota2 Update NotifierTests */ = {
			isa = PBXNativeTarget;
			buildConfigurationList = CE09DC492BC5232200264B90 /* Build configuration list for PBXNativeTarget "Dota2 Update NotifierTests" */;
			buildPhases = (
				CE09DC2E2BC5232200264B90 /* Sources */,
				CE09DC2F2BC5232200264B90 /* Frameworks */,
				CE09DC302BC5232200264B90 /* Resources */,
			);
			buildRules = (
			);
			dependencies = (
				CE09DC342BC5232200264B90 /* PBXTargetDependency */,
			);
			name = "Dota2 Update NotifierTests";
			productName = "Dota2 Update NotifierTests";
			productReference = CE09DC322BC5232200264B90 /* Dota2 Update NotifierTests.xctest */;
			productType = "com.apple.product-type.bundle.unit-test";
		};
		CE09DC3B2BC5232200264B90 /* Dota2 Update NotifierUITests */ = {
			isa = PBXNativeTarget;
			buildConfigurationList = CE09DC4C2BC5232200264B90 /* Build configuration list for PBXNativeTarget "Dota2 Update NotifierUITests" */;
			buildPhases = (
				CE09DC382BC5232200264B90 /* Sources */,
				CE09DC392BC5232200264B90 /* Frameworks */,
				CE09DC3A2BC5232200264B90 /* Resources */,
			);
			buildRules = (
			);
			dependencies = (
				CE09DC3E2BC5232200264B90 /* PBXTargetDependency */,
			);
			name = "Dota2 Update NotifierUITests";
			productName = "Dota2 Update NotifierUITests";
			productReference = CE09DC3C2BC5232200264B90 /* Dota2 Update NotifierUITests.xctest */;
			productType = "com.apple.product-type.bundle.ui-testing";
		};
/* End PBXNativeTarget section */

/* Begin PBXProject section */
		CE09DC1A2BC5231900264B90 /* Project object */ = {
			isa = PBXProject;
			attributes = {
				BuildIndependentTargetsInParallel = 1;
				LastSwiftUpdateCheck = 1520;
				LastUpgradeCheck = 1520;
				TargetAttributes = {
					CE09DC212BC5231900264B90 = {
						CreatedOnToolsVersion = 15.2;
					};
					CE09DC312BC5232200264B90 = {
						CreatedOnToolsVersion = 15.2;
						TestTargetID = CE09DC212BC5231900264B90;
					};
					CE09DC3B2BC5232200264B90 = {
						CreatedOnToolsVersion = 15.2;
						TestTargetID = CE09DC212BC5231900264B90;
					};
				};
			};
			buildConfigurationList = CE09DC1D2BC5231900264B90 /* Build configuration list for PBXProject "Dota2 Update Notifier" */;
			compatibilityVersion = "Xcode 14.0";
			developmentRegion = en;
			hasScannedForEncodings = 0;
			knownRegions = (
				en,
				Base,
			);
			mainGroup = CE09DC192BC5231900264B90;
			productRefGroup = CE09DC232BC5231900264B90 /* Products */;
			projectDirPath = "";
			projectRoot = "";
			targets = (
				CE09DC212BC5231900264B90 /* Dota2 Update Notifier */,
				CE09DC312BC5232200264B90 /* Dota2 Update NotifierTests */,
				CE09DC3B2BC5232200264B90 /* Dota2 Update NotifierUITests */,
			);
		};
/* End PBXProject section */

/* Begin PBXResourcesBuildPhase section */
		CE09DC202BC5231900264B90 /* Resources */ = {
			isa = PBXResourcesBuildPhase;
			buildActionMask = 2147483647;
			files = (
				CE09DC2D2BC5232100264B90 /* Preview Assets.xcassets in Resources */,
				CE09DC2A2BC5232100264B90 /* Assets.xcassets in Resources */,
			);
			runOnlyForDeploymentPostprocessing = 0;
		};
		CE09DC302BC5232200264B90 /* Resources */ = {
			isa = PBXResourcesBuildPhase;
			buildActionMask = 2147483647;
			files = (
			);
			runOnlyForDeploymentPostprocessing = 0;
		};
		CE09DC3A2BC5232200264B90 /* Resources */ = {
			isa = PBXResourcesBuildPhase;
			buildActionMask = 2147483647;
			files = (
			);
			runOnlyForDeploymentPostprocessing = 0;
		};
/* End PBXResourcesBuildPhase section */

/* Begin PBXSourcesBuildPhase section */
		CE09DC1E2BC5231900264B90 /* Sources */ = {
			isa = PBXSourcesBuildPhase;
			buildActionMask = 2147483647;
			files = (
				CE09DC282BC5231900264B90 /* ContentView.swift in Sources */,
				CE09DC262BC5231900264B90 /* Dota2_Update_NotifierApp.swift in Sources */,
			);
			runOnlyForDeploymentPostprocessing = 0;
		};
		CE09DC2E2BC5232200264B90 /* Sources */ = {
			isa = PBXSourcesBuildPhase;
			buildActionMask = 2147483647;
			files = (
				CE09DC372BC5232200264B90 /* Dota2_Update_NotifierTests.swift in Sources */,
			);
			runOnlyForDeploymentPostprocessing = 0;
		};
		CE09DC382BC5232200264B90 /* Sources */ = {
			isa = PBXSourcesBuildPhase;
			buildActionMask = 2147483647;
			files = (
				CE09DC432BC5232200264B90 /* Dota2_Update_NotifierUITestsLaunchTests.swift in Sources */,
				CE09DC412BC5232200264B90 /* Dota2_Update_NotifierUITests.swift in Sources */,
			);
			runOnlyForDeploymentPostprocessing = 0;
		};
/* End PBXSourcesBuildPhase section */

/* Begin PBXTargetDependency section */
		CE09DC342BC5232200264B90 /* PBXTargetDependency */ = {
			isa = PBXTargetDependency;
			target = CE09DC212BC5231900264B90 /* Dota2 Update Notifier */;
			targetProxy = CE09DC332BC5232200264B90 /* PBXContainerItemProxy */;
		};
		CE09DC3E2BC5232200264B90 /* PBXTargetDependency */ = {
			isa = PBXTargetDependency;
			target = CE09DC212BC5231900264B90 /* Dota2 Update Notifier */;
			targetProxy = CE09DC3D2BC5232200264B90 /* PBXContainerItemProxy */;
		};
/* End PBXTargetDependency section */

/* Begin XCBuildConfiguration section */
		CE09DC442BC5232200264B90 /* Debug */ = {
			isa = XCBuildConfiguration;
			buildSettings = {
				ALWAYS_SEARCH_USER_PATHS = NO;
				ASSETCATALOG_COMPILER_GENERATE_SWIFT_ASSET_SYMBOL_EXTENSIONS = YES;
				CLANG_ANALYZER_NONNULL = YES;
				CLANG_ANALYZER_NUMBER_OBJECT_CONVERSION = YES_AGGRESSIVE;
				CLANG_CXX_LANGUAGE_STANDARD = "gnu++20";
				CLANG_ENABLE_MODULES = YES;
				CLANG_ENABLE_OBJC_ARC = YES;
				CLANG_ENABLE_OBJC_WEAK = YES;
				CLANG_WARN_BLOCK_CAPTURE_AUTORELEASING = YES;
				CLANG_WARN_BOOL_CONVERSION = YES;
				CLANG_WARN_COMMA = YES;
				CLANG_WARN_CONSTANT_CONVERSION = YES;
				CLANG_WARN_DEPRECATED_OBJC_IMPLEMENTATIONS = YES;
				CLANG_WARN_DIRECT_OBJC_ISA_USAGE = YES_ERROR;
				CLANG_WARN_DOCUMENTATION_COMMENTS = YES;
				CLANG_WARN_EMPTY_BODY = YES;
				CLANG_WARN_ENUM_CONVERSION = YES;
				CLANG_WARN_INFINITE_RECURSION = YES;
				CLANG_WARN_INT_CONVERSION = YES;
				CLANG_WARN_NON_LITERAL_NULL_CONVERSION = YES;
				CLANG_WARN_OBJC_IMPLICIT_RETAIN_SELF = YES;
				CLANG_WARN_OBJC_LITERAL_CONVERSION = YES;
				CLANG_WARN_OBJC_ROOT_CLASS = YES_ERROR;
				CLANG_WARN_QUOTED_INCLUDE_IN_FRAMEWORK_HEADER = YES;
				CLANG_WARN_RANGE_LOOP_ANALYSIS = YES;
				CLANG_WARN_STRICT_PROTOTYPES = YES;
				CLANG_WARN_SUSPICIOUS_MOVE = YES;
				CLANG_WARN_UNGUARDED_AVAILABILITY = YES_AGGRESSIVE;
				CLANG_WARN_UNREACHABLE_CODE = YES;
				CLANG_WARN__DUPLICATE_METHOD_MATCH = YES;
				COPY_PHASE_STRIP = NO;
				DEBUG_INFORMATION_FORMAT = dwarf;
				ENABLE_STRICT_OBJC_MSGSEND = YES;
				ENABLE_TESTABILITY = YES;
				ENABLE_USER_SCRIPT_SANDBOXING = YES;
				GCC_C_LANGUAGE_STANDARD = gnu17;
				GCC_DYNAMIC_NO_PIC = NO;
				GCC_NO_COMMON_BLOCKS = YES;
				GCC_OPTIMIZATION_LEVEL = 0;
				GCC_PREPROCESSOR_DEFINITIONS = (
					"DEBUG=1",
					"$(inherited)",
				);
				GCC_WARN_64_TO_32_BIT_CONVERSION = YES;
				GCC_WARN_ABOUT_RETURN_TYPE = YES_ERROR;
				GCC_WARN_UNDECLARED_SELECTOR = YES;
				GCC_WARN_UNINITIALIZED_AUTOS = YES_AGGRESSIVE;
				GCC_WARN_UNUSED_FUNCTION = YES;
				GCC_WARN_UNUSED_VARIABLE = YES;
				IPHONEOS_DEPLOYMENT_TARGET = 17.2;
				LOCALIZATION_PREFERS_STRING_CATALOGS = YES;
				MTL_ENABLE_DEBUG_INFO = INCLUDE_SOURCE;
				MTL_FAST_MATH = YES;
				ONLY_ACTIVE_ARCH = YES;
				SDKROOT = iphoneos;
				SWIFT_ACTIVE_COMPILATION_CONDITIONS = "DEBUG $(inherited)";
				SWIFT_OPTIMIZATION_LEVEL = "-Onone";
			};
			name = Debug;
		};
		CE09DC452BC5232200264B90 /* Release */ = {
			isa = XCBuildConfiguration;
			buildSettings = {
				ALWAYS_SEARCH_USER_PATHS = NO;
				ASSETCATALOG_COMPILER_GENERATE_SWIFT_ASSET_SYMBOL_EXTENSIONS = YES;
				CLANG_ANALYZER_NONNULL = YES;
				CLANG_ANALYZER_NUMBER_OBJECT_CONVERSION = YES_AGGRESSIVE;
				CLANG_CXX_LANGUAGE_STANDARD = "gnu++20";
				CLANG_ENABLE_MODULES = YES;
				CLANG_ENABLE_OBJC_ARC = YES;
				CLANG_ENABLE_OBJC_WEAK = YES;
				CLANG_WARN_BLOCK_CAPTURE_AUTORELEASING = YES;
				CLANG_WARN_BOOL_CONVERSION = YES;
				CLANG_WARN_COMMA = YES;
				CLANG_WARN_CONSTANT_CONVERSION = YES;
				CLANG_WARN_DEPRECATED_OBJC_IMPLEMENTATIONS = YES;
				CLANG_WARN_DIRECT_OBJC_ISA_USAGE = YES_ERROR;
				CLANG_WARN_DOCUMENTATION_COMMENTS = YES;
				CLANG_WARN_EMPTY_BODY = YES;
				CLANG_WARN_ENUM_CONVERSION = YES;
				CLANG_WARN_INFINITE_RECURSION = YES;
				CLANG_WARN_INT_CONVERSION = YES;
				CLANG_WARN_NON_LITERAL_NULL_CONVERSION = YES;
				CLANG_WARN_OBJC_IMPLICIT_RETAIN_SELF = YES;
				CLANG_WARN_OBJC_LITERAL_CONVERSION = YES;
				CLANG_WARN_OBJC_ROOT_CLASS = YES_ERROR;
				CLANG_WARN_QUOTED_INCLUDE_IN_FRAMEWORK_HEADER = YES;
				CLANG_WARN_RANGE_LOOP_ANALYSIS = YES;
				CLANG_WARN_STRICT_PROTOTYPES = YES;
				CLANG_WARN_SUSPICIOUS_MOVE = YES;
				CLANG_WARN_UNGUARDED_AVAILABILITY = YES_AGGRESSIVE;
				CLANG_WARN_UNREACHABLE_CODE = YES;
				CLANG_WARN__DUPLICATE_METHOD_MATCH = YES;
				COPY_PHASE_STRIP = NO;
				DEBUG_INFORMATION_FORMAT = "dwarf-with-dsym";
				ENABLE_NS_ASSERTIONS = NO;
				ENABLE_STRICT_OBJC_MSGSEND = YES;
				ENABLE_USER_SCRIPT_SANDBOXING = YES;
				GCC_C_LANGUAGE_STANDARD = gnu17;
				GCC_NO_COMMON_BLOCKS = YES;
				GCC_WARN_64_TO_32_BIT_CONVERSION = YES;
				GCC_WARN_ABOUT_RETURN_TYPE = YES_ERROR;
				GCC_WARN_UNDECLARED_SELECTOR = YES;
				GCC_WARN_UNINITIALIZED_AUTOS = YES_AGGRESSIVE;
				GCC_WARN_UNUSED_FUNCTION = YES;
				GCC_WARN_UNUSED_VARIABLE = YES;
				IPHONEOS_DEPLOYMENT_TARGET = 17.2;
				LOCALIZATION_PREFERS_STRING_CATALOGS = YES;
				MTL_ENABLE_DEBUG_INFO = NO;
				MTL_FAST_MATH = YES;
				SDKROOT = iphoneos;
				SWIFT_COMPILATION_MODE = wholemodule;
				VALIDATE_PRODUCT = YES;
			};
			name = Release;
		};
		CE09DC472BC5232200264B90 /* Debug */ = {
			isa = XCBuildConfiguration;
			buildSettings = {
				ASSETCATALOG_COMPILER_APPICON_NAME = AppIcon;
				ASSETCATALOG_COMPILER_GLOBAL_ACCENT_COLOR_NAME = AccentColor;
				CODE_SIGN_STYLE = Automatic;
				CURRENT_PROJECT_VERSION = 1;
				DEVELOPMENT_ASSET_PATHS = "\"Dota2 Update Notifier/Preview Content\"";
				DEVELOPMENT_TEAM = 467Y563ZU5;
				ENABLE_PREVIEWS = YES;
				GENERATE_INFOPLIST_FILE = YES;
				INFOPLIST_KEY_UIApplicationSceneManifest_Generation = YES;
				INFOPLIST_KEY_UIApplicationSupportsIndirectInputEvents = YES;
				INFOPLIST_KEY_UILaunchScreen_Generation = YES;
				INFOPLIST_KEY_UISupportedInterfaceOrientations_iPad = "UIInterfaceOrientationPortrait UIInterfaceOrientationPortraitUpsideDown UIInterfaceOrientationLandscapeLeft UIInterfaceOrientationLandscapeRight";
				INFOPLIST_KEY_UISupportedInterfaceOrientations_iPhone = "UIInterfaceOrientationPortrait UIInterfaceOrientationLandscapeLeft UIInterfaceOrientationLandscapeRight";
				LD_RUNPATH_SEARCH_PATHS = (
					"$(inherited)",
					"@executable_path/Frameworks",
				);
				MARKETING_VERSION = 1.0;
				PRODUCT_BUNDLE_IDENTIFIER = "Endree-Eph.Dota2-Update-Notifier";
				PRODUCT_NAME = "$(TARGET_NAME)";
				SWIFT_EMIT_LOC_STRINGS = YES;
				SWIFT_VERSION = 5.0;
				TARGETED_DEVICE_FAMILY = "1,2";
			};
			name = Debug;
		};
		CE09DC482BC5232200264B90 /* Release */ = {
			isa = XCBuildConfiguration;
			buildSettings = {
				ASSETCATALOG_COMPILER_APPICON_NAME = AppIcon;
				ASSETCATALOG_COMPILER_GLOBAL_ACCENT_COLOR_NAME = AccentColor;
				CODE_SIGN_STYLE = Automatic;
				CURRENT_PROJECT_VERSION = 1;
				DEVELOPMENT_ASSET_PATHS = "\"Dota2 Update Notifier/Preview Content\"";
				DEVELOPMENT_TEAM = 467Y563ZU5;
				ENABLE_PREVIEWS = YES;
				GENERATE_INFOPLIST_FILE = YES;
				INFOPLIST_KEY_UIApplicationSceneManifest_Generation = YES;
				INFOPLIST_KEY_UIApplicationSupportsIndirectInputEvents = YES;
				INFOPLIST_KEY_UILaunchScreen_Generation = YES;
				INFOPLIST_KEY_UISupportedInterfaceOrientations_iPad = "UIInterfaceOrientationPortrait UIInterfaceOrientationPortraitUpsideDown UIInterfaceOrientationLandscapeLeft UIInterfaceOrientationLandscapeRight";
				INFOPLIST_KEY_UISupportedInterfaceOrientations_iPhone = "UIInterfaceOrientationPortrait UIInterfaceOrientationLandscapeLeft UIInterfaceOrientationLandscapeRight";
				LD_RUNPATH_SEARCH_PATHS = (
					"$(inherited)",
					"@executable_path/Frameworks",
				);
				MARKETING_VERSION = 1.0;
				PRODUCT_BUNDLE_IDENTIFIER = "Endree-Eph.Dota2-Update-Notifier";
				PRODUCT_NAME = "$(TARGET_NAME)";
				SWIFT_EMIT_LOC_STRINGS = YES;
				SWIFT_VERSION = 5.0;
				TARGETED_DEVICE_FAMILY = "1,2";
			};
			name = Release;
		};
		CE09DC4A2BC5232200264B90 /* Debug */ = {
			isa = XCBuildConfiguration;
			buildSettings = {
				ALWAYS_EMBED_SWIFT_STANDARD_LIBRARIES = YES;
				BUNDLE_LOADER = "$(TEST_HOST)";
				CODE_SIGN_STYLE = Automatic;
				CURRENT_PROJECT_VERSION = 1;
				DEVELOPMENT_TEAM = 467Y563ZU5;
				GENERATE_INFOPLIST_FILE = YES;
				IPHONEOS_DEPLOYMENT_TARGET = 17.2;
				MARKETING_VERSION = 1.0;
				PRODUCT_BUNDLE_IDENTIFIER = "Endree-Eph.Dota2-Update-NotifierTests";
				PRODUCT_NAME = "$(TARGET_NAME)";
				SWIFT_EMIT_LOC_STRINGS = NO;
				SWIFT_VERSION = 5.0;
				TARGETED_DEVICE_FAMILY = "1,2";
				TEST_HOST = "$(BUILT_PRODUCTS_DIR)/Dota2 Update Notifier.app/$(BUNDLE_EXECUTABLE_FOLDER_PATH)/Dota2 Update Notifier";
			};
			name = Debug;
		};
		CE09DC4B2BC5232200264B90 /* Release */ = {
			isa = XCBuildConfiguration;
			buildSettings = {
				ALWAYS_EMBED_SWIFT_STANDARD_LIBRARIES = YES;
				BUNDLE_LOADER = "$(TEST_HOST)";
				CODE_SIGN_STYLE = Automatic;
				CURRENT_PROJECT_VERSION = 1;
				DEVELOPMENT_TEAM = 467Y563ZU5;
				GENERATE_INFOPLIST_FILE = YES;
				IPHONEOS_DEPLOYMENT_TARGET = 17.2;
				MARKETING_VERSION = 1.0;
				PRODUCT_BUNDLE_IDENTIFIER = "Endree-Eph.Dota2-Update-NotifierTests";
				PRODUCT_NAME = "$(TARGET_NAME)";
				SWIFT_EMIT_LOC_STRINGS = NO;
				SWIFT_VERSION = 5.0;
				TARGETED_DEVICE_FAMILY = "1,2";
				TEST_HOST = "$(BUILT_PRODUCTS_DIR)/Dota2 Update Notifier.app/$(BUNDLE_EXECUTABLE_FOLDER_PATH)/Dota2 Update Notifier";
			};
			name = Release;
		};
		CE09DC4D2BC5232200264B90 /* Debug */ = {
			isa = XCBuildConfiguration;
			buildSettings = {
				ALWAYS_EMBED_SWIFT_STANDARD_LIBRARIES = YES;
				CODE_SIGN_STYLE = Automatic;
				CURRENT_PROJECT_VERSION = 1;
				DEVELOPMENT_TEAM = 467Y563ZU5;
				GENERATE_INFOPLIST_FILE = YES;
				MARKETING_VERSION = 1.0;
				PRODUCT_BUNDLE_IDENTIFIER = "Endree-Eph.Dota2-Update-NotifierUITests";
				PRODUCT_NAME = "$(TARGET_NAME)";
				SWIFT_EMIT_LOC_STRINGS = NO;
				SWIFT_VERSION = 5.0;
				TARGETED_DEVICE_FAMILY = "1,2";
				TEST_TARGET_NAME = "Dota2 Update Notifier";
			};
			name = Debug;
		};
		CE09DC4E2BC5232200264B90 /* Release */ = {
			isa = XCBuildConfiguration;
			buildSettings = {
				ALWAYS_EMBED_SWIFT_STANDARD_LIBRARIES = YES;
				CODE_SIGN_STYLE = Automatic;
				CURRENT_PROJECT_VERSION = 1;
				DEVELOPMENT_TEAM = 467Y563ZU5;
				GENERATE_INFOPLIST_FILE = YES;
				MARKETING_VERSION = 1.0;
				PRODUCT_BUNDLE_IDENTIFIER = "Endree-Eph.Dota2-Update-NotifierUITests";
				PRODUCT_NAME = "$(TARGET_NAME)";
				SWIFT_EMIT_LOC_STRINGS = NO;
				SWIFT_VERSION = 5.0;
				TARGETED_DEVICE_FAMILY = "1,2";
				TEST_TARGET_NAME = "Dota2 Update Notifier";
			};
			name = Release;
		};
/* End XCBuildConfiguration section */

/* Begin XCConfigurationList section */
		CE09DC1D2BC5231900264B90 /* Build configuration list for PBXProject "Dota2 Update Notifier" */ = {
			isa = XCConfigurationList;
			buildConfigurations = (
				CE09DC442BC5232200264B90 /* Debug */,
				CE09DC452BC5232200264B90 /* Release */,
			);
			defaultConfigurationIsVisible = 0;
			defaultConfigurationName = Release;
		};
		CE09DC462BC5232200264B90 /* Build configuration list for PBXNativeTarget "Dota2 Update Notifier" */ = {
			isa = XCConfigurationList;
			buildConfigurations = (
				CE09DC472BC5232200264B90 /* Debug */,
				CE09DC482BC5232200264B90 /* Release */,
			);
			defaultConfigurationIsVisible = 0;
			defaultConfigurationName = Release;
		};
		CE09DC492BC5232200264B90 /* Build configuration list for PBXNativeTarget "Dota2 Update NotifierTests" */ = {
			isa = XCConfigurationList;
			buildConfigurations = (
				CE09DC4A2BC5232200264B90 /* Debug */,
				CE09DC4B2BC5232200264B90 /* Release */,
			);
			defaultConfigurationIsVisible = 0;
			defaultConfigurationName = Release;
		};
		CE09DC4C2BC5232200264B90 /* Build configuration list for PBXNativeTarget "Dota2 Update NotifierUITests" */ = {
			isa = XCConfigurationList;
			buildConfigurations = (
				CE09DC4D2BC5232200264B90 /* Debug */,
				CE09DC4E2BC5232200264B90 /* Release */,
			);
			defaultConfigurationIsVisible = 0;
			defaultConfigurationName = Release;
		};
/* End XCConfigurationList section */
	};
	rootObject = CE09DC1A2BC5231900264B90 /* Project object */;
}
